{
  "name": "clerk-middleware-override-repro",
  "version": "0.1.0",
  "lockfileVersion": 3,
  "requires": true,
  "packages": {
    "": {
      "name": "clerk-middleware-override-repro",
      "version": "0.1.0",
      "dependencies": {
        "@clerk/nextjs": "^4.11.12",
        "@types/node": "18.15.5",
        "@types/react": "18.0.28",
        "@types/react-dom": "18.0.11",
        "next": "13.2.4",
        "react": "18.2.0",
        "react-dom": "18.2.0",
        "swr": "^2.1.1",
        "typescript": "5.0.2"
      }
    },
    "node_modules/@clerk/backend": {
      "version": "0.13.5",
      "resolved": "https://registry.npmjs.org/@clerk/backend/-/backend-0.13.5.tgz",
      "integrity": "sha512-Jrbs2G/CalixMxL0BCK74dnBoMVZn+iyXa/jyO9YXI77tfvzG8BON6KlEJLU7UKt4IS7xBIfYB3Qxu0kF0yVPQ==",
      "dependencies": {
        "@clerk/types": "^3.31.1",
        "@peculiar/webcrypto": "1.4.1",
        "@types/node": "16.18.6",
        "deepmerge": "4.2.2",
        "node-fetch-native": "1.0.1",
        "snakecase-keys": "5.4.4",
        "tslib": "2.4.1"
      },
      "engines": {
        "node": ">=14"
      }
    },
    "node_modules/@clerk/backend/node_modules/@types/node": {
      "version": "16.18.6",
      "resolved": "https://registry.npmjs.org/@types/node/-/node-16.18.6.tgz",
      "integrity": "sha512-vmYJF0REqDyyU0gviezF/KHq/fYaUbFhkcNbQCuPGFQj6VTbXuHZoxs/Y7mutWe73C8AC6l9fFu8mSYiBAqkGA=="
    },
    "node_modules/@clerk/backend/node_modules/tslib": {
      "version": "2.4.1",
      "resolved": "https://registry.npmjs.org/tslib/-/tslib-2.4.1.tgz",
      "integrity": "sha512-tGyy4dAjRIEwI7BzsB0lynWgOpfqjUdq91XXAlIWD2OwKBH7oCl/GZG/HT4BOHrTlPMOASlMQ7veyTqpmRcrNA=="
    },
    "node_modules/@clerk/clerk-react": {
      "version": "4.12.8",
      "resolved": "https://registry.npmjs.org/@clerk/clerk-react/-/clerk-react-4.12.8.tgz",
      "integrity": "sha512-1cou6ZQ8OGb1wc0M3nwTxvSVFqt8ZCgI+mBDy4+BBYhKaP5INenmg6HmEMCswq3YzsHTiHFTIYMAcM8oGkku4Q==",
      "dependencies": {
        "@clerk/shared": "^0.13.5",
        "@clerk/types": "^3.31.1",
        "swr": "1.3.0",
        "tslib": "2.4.1"
      },
      "engines": {
        "node": ">=14"
      },
      "peerDependencies": {
        "react": ">=16"
      }
    },
    "node_modules/@clerk/clerk-react/node_modules/swr": {
      "version": "1.3.0",
      "resolved": "https://registry.npmjs.org/swr/-/swr-1.3.0.tgz",
      "integrity": "sha512-dkghQrOl2ORX9HYrMDtPa7LTVHJjCTeZoB1dqTbnnEDlSvN8JEKpYIYurDfvbQFUUS8Cg8PceFVZNkW0KNNYPw==",
      "peerDependencies": {
        "react": "^16.11.0 || ^17.0.0 || ^18.0.0"
      }
    },
    "node_modules/@clerk/clerk-react/node_modules/tslib": {
      "version": "2.4.1",
      "resolved": "https://registry.npmjs.org/tslib/-/tslib-2.4.1.tgz",
      "integrity": "sha512-tGyy4dAjRIEwI7BzsB0lynWgOpfqjUdq91XXAlIWD2OwKBH7oCl/GZG/HT4BOHrTlPMOASlMQ7veyTqpmRcrNA=="
    },
    "node_modules/@clerk/clerk-sdk-node": {
      "version": "4.7.16",
      "resolved": "https://registry.npmjs.org/@clerk/clerk-sdk-node/-/clerk-sdk-node-4.7.16.tgz",
      "integrity": "sha512-Z0xjoPGIOmrKL1XYh6Gh90e6ZI8mtnaADMm3U255KteQNe7CqGri3y8X9Rk6FmhNtk+857NIXM8mVblZz4c4cA==",
      "dependencies": {
        "@clerk/backend": "^0.13.5",
        "@clerk/types": "^3.31.1",
        "@types/cookies": "0.7.7",
        "@types/express": "4.17.14",
        "@types/node-fetch": "2.6.2",
        "camelcase-keys": "6.2.2",
        "cookie": "0.5.0",
        "snakecase-keys": "3.2.1",
        "tslib": "2.4.1"
      },
      "engines": {
        "node": ">=14"
      }
    },
    "node_modules/@clerk/clerk-sdk-node/node_modules/snakecase-keys": {
      "version": "3.2.1",
      "resolved": "https://registry.npmjs.org/snakecase-keys/-/snakecase-keys-3.2.1.tgz",
      "integrity": "sha512-CjU5pyRfwOtaOITYv5C8DzpZ8XA/ieRsDpr93HI2r6e3YInC6moZpSQbmUtg8cTk58tq2x3jcG2gv+p1IZGmMA==",
      "dependencies": {
        "map-obj": "^4.1.0",
        "to-snake-case": "^1.0.0"
      },
      "engines": {
        "node": ">=8"
      }
    },
    "node_modules/@clerk/clerk-sdk-node/node_modules/tslib": {
      "version": "2.4.1",
      "resolved": "https://registry.npmjs.org/tslib/-/tslib-2.4.1.tgz",
      "integrity": "sha512-tGyy4dAjRIEwI7BzsB0lynWgOpfqjUdq91XXAlIWD2OwKBH7oCl/GZG/HT4BOHrTlPMOASlMQ7veyTqpmRcrNA=="
    },
    "node_modules/@clerk/nextjs": {
      "version": "4.11.13",
      "resolved": "https://registry.npmjs.org/@clerk/nextjs/-/nextjs-4.11.13.tgz",
      "integrity": "sha512-G1+KnYk0bQUQuwKwylMHmuUzFCnqe43cSLce8kRo3ETve4t4Tl8MZP5TCM5lDLGM+MnWZlcx9ksuOq3nqdVWLw==",
      "dependencies": {
        "@clerk/backend": "^0.13.5",
        "@clerk/clerk-react": "^4.12.8",
        "@clerk/clerk-sdk-node": "^4.7.16",
        "@clerk/types": "^3.31.1",
        "tslib": "2.4.1"
      },
      "engines": {
        "node": ">=14"
      },
      "peerDependencies": {
        "next": ">=10",
        "react": "^17.0.2 || ^18.0.0-0",
        "react-dom": "^17.0.2 || ^18.0.0-0"
      }
    },
    "node_modules/@clerk/nextjs/node_modules/tslib": {
      "version": "2.4.1",
      "resolved": "https://registry.npmjs.org/tslib/-/tslib-2.4.1.tgz",
      "integrity": "sha512-tGyy4dAjRIEwI7BzsB0lynWgOpfqjUdq91XXAlIWD2OwKBH7oCl/GZG/HT4BOHrTlPMOASlMQ7veyTqpmRcrNA=="
    },
    "node_modules/@clerk/shared": {
      "version": "0.13.5",
      "resolved": "https://registry.npmjs.org/@clerk/shared/-/shared-0.13.5.tgz",
      "integrity": "sha512-AMh9FqoBr7YIRwmAC0FwWHLIqbbqICOWrxuPOr93WXe3Cm3HZVwIpXkaS7Qc+yMKJaaeFj+M7GkVNX7NohsRsQ==",
      "peerDependencies": {
        "react": ">=16"
      }
    },
    "node_modules/@clerk/types": {
      "version": "3.31.1",
      "resolved": "https://registry.npmjs.org/@clerk/types/-/types-3.31.1.tgz",
      "integrity": "sha512-7xQtN1vUKq5kTdIwcbypiL2Qu9OU+1zS8LtIRFKgxAWt7lO2RW3yZMRVJvoPaTXyGnszyDcOla5lAHVHmKt6aQ==",
      "dependencies": {
        "csstype": "3.1.1"
      },
      "engines": {
        "node": ">=14"
      }
    },
    "node_modules/@next/env": {
      "version": "13.2.4",
      "resolved": "https://registry.npmjs.org/@next/env/-/env-13.2.4.tgz",
      "integrity": "sha512-+Mq3TtpkeeKFZanPturjcXt+KHfKYnLlX6jMLyCrmpq6OOs4i1GqBOAauSkii9QeKCMTYzGppar21JU57b/GEA=="
    },
    "node_modules/@next/swc-android-arm-eabi": {
      "version": "13.2.4",
      "resolved": "https://registry.npmjs.org/@next/swc-android-arm-eabi/-/swc-android-arm-eabi-13.2.4.tgz",
      "integrity": "sha512-DWlalTSkLjDU11MY11jg17O1gGQzpRccM9Oes2yTqj2DpHndajrXHGxj9HGtJ+idq2k7ImUdJVWS2h2l/EDJOw==",
      "cpu": [
        "arm"
      ],
      "optional": true,
      "os": [
        "android"
      ],
      "engines": {
        "node": ">= 10"
      }
    },
    "node_modules/@next/swc-android-arm64": {
      "version": "13.2.4",
      "resolved": "https://registry.npmjs.org/@next/swc-android-arm64/-/swc-android-arm64-13.2.4.tgz",
      "integrity": "sha512-sRavmUImUCf332Gy+PjIfLkMhiRX1Ez4SI+3vFDRs1N5eXp+uNzjFUK/oLMMOzk6KFSkbiK/3Wt8+dHQR/flNg==",
      "cpu": [
        "arm64"
      ],
      "optional": true,
      "os": [
        "android"
      ],
      "engines": {
        "node": ">= 10"
      }
    },
    "node_modules/@next/swc-darwin-arm64": {
      "version": "13.2.4",
      "resolved": "https://registry.npmjs.org/@next/swc-darwin-arm64/-/swc-darwin-arm64-13.2.4.tgz",
      "integrity": "sha512-S6vBl+OrInP47TM3LlYx65betocKUUlTZDDKzTiRDbsRESeyIkBtZ6Qi5uT2zQs4imqllJznVjFd1bXLx3Aa6A==",
      "cpu": [
        "arm64"
      ],
      "optional": true,
      "os": [
        "darwin"
      ],
      "engines": {
        "node": ">= 10"
      }
    },
    "node_modules/@next/swc-darwin-x64": {
      "version": "13.2.4",
      "resolved": "https://registry.npmjs.org/@next/swc-darwin-x64/-/swc-darwin-x64-13.2.4.tgz",
      "integrity": "sha512-a6LBuoYGcFOPGd4o8TPo7wmv5FnMr+Prz+vYHopEDuhDoMSHOnC+v+Ab4D7F0NMZkvQjEJQdJS3rqgFhlZmKlw==",
      "cpu": [
        "x64"
      ],
      "optional": true,
      "os": [
        "darwin"
      ],
      "engines": {
        "node": ">= 10"
      }
    },
    "node_modules/@next/swc-freebsd-x64": {
      "version": "13.2.4",
      "resolved": "https://registry.npmjs.org/@next/swc-freebsd-x64/-/swc-freebsd-x64-13.2.4.tgz",
      "integrity": "sha512-kkbzKVZGPaXRBPisoAQkh3xh22r+TD+5HwoC5bOkALraJ0dsOQgSMAvzMXKsN3tMzJUPS0tjtRf1cTzrQ0I5vQ==",
      "cpu": [
        "x64"
      ],
      "optional": true,
      "os": [
        "freebsd"
      ],
      "engines": {
        "node": ">= 10"
      }
    },
    "node_modules/@next/swc-linux-arm-gnueabihf": {
      "version": "13.2.4",
      "resolved": "https://registry.npmjs.org/@next/swc-linux-arm-gnueabihf/-/swc-linux-arm-gnueabihf-13.2.4.tgz",
      "integrity": "sha512-7qA1++UY0fjprqtjBZaOA6cas/7GekpjVsZn/0uHvquuITFCdKGFCsKNBx3S0Rpxmx6WYo0GcmhNRM9ru08BGg==",
      "cpu": [
        "arm"
      ],
      "optional": true,
      "os": [
        "linux"
      ],
      "engines": {
        "node": ">= 10"
      }
    },
    "node_modules/@next/swc-linux-arm64-gnu": {
      "version": "13.2.4",
      "resolved": "https://registry.npmjs.org/@next/swc-linux-arm64-gnu/-/swc-linux-arm64-gnu-13.2.4.tgz",
      "integrity": "sha512-xzYZdAeq883MwXgcwc72hqo/F/dwUxCukpDOkx/j1HTq/J0wJthMGjinN9wH5bPR98Mfeh1MZJ91WWPnZOedOg==",
      "cpu": [
        "arm64"
      ],
      "optional": true,
      "os": [
        "linux"
      ],
      "engines": {
        "node": ">= 10"
      }
    },
    "node_modules/@next/swc-linux-arm64-musl": {
      "version": "13.2.4",
      "resolved": "https://registry.npmjs.org/@next/swc-linux-arm64-musl/-/swc-linux-arm64-musl-13.2.4.tgz",
      "integrity": "sha512-8rXr3WfmqSiYkb71qzuDP6I6R2T2tpkmf83elDN8z783N9nvTJf2E7eLx86wu2OJCi4T05nuxCsh4IOU3LQ5xw==",
      "cpu": [
        "arm64"
      ],
      "optional": true,
      "os": [
        "linux"
      ],
      "engines": {
        "node": ">= 10"
      }
    },
    "node_modules/@next/swc-linux-x64-gnu": {
      "version": "13.2.4",
      "resolved": "https://registry.npmjs.org/@next/swc-linux-x64-gnu/-/swc-linux-x64-gnu-13.2.4.tgz",
      "integrity": "sha512-Ngxh51zGSlYJ4EfpKG4LI6WfquulNdtmHg1yuOYlaAr33KyPJp4HeN/tivBnAHcZkoNy0hh/SbwDyCnz5PFJQQ==",
      "cpu": [
        "x64"
      ],
      "optional": true,
      "os": [
        "linux"
      ],
      "engines": {
        "node": ">= 10"
      }
    },
    "node_modules/@next/swc-linux-x64-musl": {
      "version": "13.2.4",
      "resolved": "https://registry.npmjs.org/@next/swc-linux-x64-musl/-/swc-linux-x64-musl-13.2.4.tgz",
      "integrity": "sha512-gOvwIYoSxd+j14LOcvJr+ekd9fwYT1RyMAHOp7znA10+l40wkFiMONPLWiZuHxfRk+Dy7YdNdDh3ImumvL6VwA==",
      "cpu": [
        "x64"
      ],
      "optional": true,
      "os": [
        "linux"
      ],
      "engines": {
        "node": ">= 10"
      }
    },
    "node_modules/@next/swc-win32-arm64-msvc": {
      "version": "13.2.4",
      "resolved": "https://registry.npmjs.org/@next/swc-win32-arm64-msvc/-/swc-win32-arm64-msvc-13.2.4.tgz",
      "integrity": "sha512-q3NJzcfClgBm4HvdcnoEncmztxrA5GXqKeiZ/hADvC56pwNALt3ngDC6t6qr1YW9V/EPDxCYeaX4zYxHciW4Dw==",
      "cpu": [
        "arm64"
      ],
      "optional": true,
      "os": [
        "win32"
      ],
      "engines": {
        "node": ">= 10"
      }
    },
    "node_modules/@next/swc-win32-ia32-msvc": {
      "version": "13.2.4",
      "resolved": "https://registry.npmjs.org/@next/swc-win32-ia32-msvc/-/swc-win32-ia32-msvc-13.2.4.tgz",
      "integrity": "sha512-/eZ5ncmHUYtD2fc6EUmAIZlAJnVT2YmxDsKs1Ourx0ttTtvtma/WKlMV5NoUsyOez0f9ExLyOpeCoz5aj+MPXw==",
      "cpu": [
        "ia32"
      ],
      "optional": true,
      "os": [
        "win32"
      ],
      "engines": {
        "node": ">= 10"
      }
    },
    "node_modules/@next/swc-win32-x64-msvc": {
      "version": "13.2.4",
      "resolved": "https://registry.npmjs.org/@next/swc-win32-x64-msvc/-/swc-win32-x64-msvc-13.2.4.tgz",
      "integrity": "sha512-0MffFmyv7tBLlji01qc0IaPP/LVExzvj7/R5x1Jph1bTAIj4Vu81yFQWHHQAP6r4ff9Ukj1mBK6MDNVXm7Tcvw==",
      "cpu": [
        "x64"
      ],
      "optional": true,
      "os": [
        "win32"
      ],
      "engines": {
        "node": ">= 10"
      }
    },
    "node_modules/@peculiar/asn1-schema": {
      "version": "2.3.6",
      "resolved": "https://registry.npmjs.org/@peculiar/asn1-schema/-/asn1-schema-2.3.6.tgz",
      "integrity": "sha512-izNRxPoaeJeg/AyH8hER6s+H7p4itk+03QCa4sbxI3lNdseQYCuxzgsuNK8bTXChtLTjpJz6NmXKA73qLa3rCA==",
      "dependencies": {
        "asn1js": "^3.0.5",
        "pvtsutils": "^1.3.2",
        "tslib": "^2.4.0"
      }
    },
    "node_modules/@peculiar/json-schema": {
      "version": "1.1.12",
      "resolved": "https://registry.npmjs.org/@peculiar/json-schema/-/json-schema-1.1.12.tgz",
      "integrity": "sha512-coUfuoMeIB7B8/NMekxaDzLhaYmp0HZNPEjYRm9goRou8UZIC3z21s0sL9AWoCw4EG876QyO3kYrc61WNF9B/w==",
      "dependencies": {
        "tslib": "^2.0.0"
      },
      "engines": {
        "node": ">=8.0.0"
      }
    },
    "node_modules/@peculiar/webcrypto": {
      "version": "1.4.1",
      "resolved": "https://registry.npmjs.org/@peculiar/webcrypto/-/webcrypto-1.4.1.tgz",
      "integrity": "sha512-eK4C6WTNYxoI7JOabMoZICiyqRRtJB220bh0Mbj5RwRycleZf9BPyZoxsTvpP0FpmVS2aS13NKOuh5/tN3sIRw==",
      "dependencies": {
        "@peculiar/asn1-schema": "^2.3.0",
        "@peculiar/json-schema": "^1.1.12",
        "pvtsutils": "^1.3.2",
        "tslib": "^2.4.1",
        "webcrypto-core": "^1.7.4"
      },
      "engines": {
        "node": ">=10.12.0"
      }
    },
    "node_modules/@swc/helpers": {
      "version": "0.4.14",
      "resolved": "https://registry.npmjs.org/@swc/helpers/-/helpers-0.4.14.tgz",
      "integrity": "sha512-4C7nX/dvpzB7za4Ql9K81xK3HPxCpHMgwTZVyf+9JQ6VUbn9jjZVN7/Nkdz/Ugzs2CSjqnL/UPXroiVBVHUWUw==",
      "dependencies": {
        "tslib": "^2.4.0"
      }
    },
    "node_modules/@types/body-parser": {
      "version": "1.19.2",
      "resolved": "https://registry.npmjs.org/@types/body-parser/-/body-parser-1.19.2.tgz",
      "integrity": "sha512-ALYone6pm6QmwZoAgeyNksccT9Q4AWZQ6PvfwR37GT6r6FWUPguq6sUmNGSMV2Wr761oQoBxwGGa6DR5o1DC9g==",
      "dependencies": {
        "@types/connect": "*",
        "@types/node": "*"
      }
    },
    "node_modules/@types/connect": {
      "version": "3.4.35",
      "resolved": "https://registry.npmjs.org/@types/connect/-/connect-3.4.35.tgz",
      "integrity": "sha512-cdeYyv4KWoEgpBISTxWvqYsVy444DOqehiF3fM3ne10AmJ62RSyNkUnxMJXHQWRQQX2eR94m5y1IZyDwBjV9FQ==",
      "dependencies": {
        "@types/node": "*"
      }
    },
    "node_modules/@types/cookies": {
      "version": "0.7.7",
      "resolved": "https://registry.npmjs.org/@types/cookies/-/cookies-0.7.7.tgz",
      "integrity": "sha512-h7BcvPUogWbKCzBR2lY4oqaZbO3jXZksexYJVFvkrFeLgbZjQkU4x8pRq6eg2MHXQhY0McQdqmmsxRWlVAHooA==",
      "dependencies": {
        "@types/connect": "*",
        "@types/express": "*",
        "@types/keygrip": "*",
        "@types/node": "*"
      }
    },
    "node_modules/@types/express": {
      "version": "4.17.14",
      "resolved": "https://registry.npmjs.org/@types/express/-/express-4.17.14.tgz",
      "integrity": "sha512-TEbt+vaPFQ+xpxFLFssxUDXj5cWCxZJjIcB7Yg0k0GMHGtgtQgpvx/MUQUeAkNbA9AAGrwkAsoeItdTgS7FMyg==",
      "dependencies": {
        "@types/body-parser": "*",
        "@types/express-serve-static-core": "^4.17.18",
        "@types/qs": "*",
        "@types/serve-static": "*"
      }
    },
    "node_modules/@types/express-serve-static-core": {
      "version": "4.17.33",
      "resolved": "https://registry.npmjs.org/@types/express-serve-static-core/-/express-serve-static-core-4.17.33.tgz",
      "integrity": "sha512-TPBqmR/HRYI3eC2E5hmiivIzv+bidAfXofM+sbonAGvyDhySGw9/PQZFt2BLOrjUUR++4eJVpx6KnLQK1Fk9tA==",
      "dependencies": {
        "@types/node": "*",
        "@types/qs": "*",
        "@types/range-parser": "*"
      }
    },
    "node_modules/@types/keygrip": {
      "version": "1.0.2",
      "resolved": "https://registry.npmjs.org/@types/keygrip/-/keygrip-1.0.2.tgz",
      "integrity": "sha512-GJhpTepz2udxGexqos8wgaBx4I/zWIDPh/KOGEwAqtuGDkOUJu5eFvwmdBX4AmB8Odsr+9pHCQqiAqDL/yKMKw=="
    },
    "node_modules/@types/mime": {
      "version": "3.0.1",
      "resolved": "https://registry.npmjs.org/@types/mime/-/mime-3.0.1.tgz",
      "integrity": "sha512-Y4XFY5VJAuw0FgAqPNd6NNoV44jbq9Bz2L7Rh/J6jLTiHBSBJa9fxqQIvkIld4GsoDOcCbvzOUAbLPsSKKg+uA=="
    },
    "node_modules/@types/node": {
      "version": "18.15.5",
      "resolved": "https://registry.npmjs.org/@types/node/-/node-18.15.5.tgz",
      "integrity": "sha512-Ark2WDjjZO7GmvsyFFf81MXuGTA/d6oP38anyxWOL6EREyBKAxKoFHwBhaZxCfLRLpO8JgVXwqOwSwa7jRcjew=="
    },
    "node_modules/@types/node-fetch": {
      "version": "2.6.2",
      "resolved": "https://registry.npmjs.org/@types/node-fetch/-/node-fetch-2.6.2.tgz",
      "integrity": "sha512-DHqhlq5jeESLy19TYhLakJ07kNumXWjcDdxXsLUMJZ6ue8VZJj4kLPQVE/2mdHh3xZziNF1xppu5lwmS53HR+A==",
      "dependencies": {
        "@types/node": "*",
        "form-data": "^3.0.0"
      }
    },
    "node_modules/@types/prop-types": {
      "version": "15.7.5",
      "resolved": "https://registry.npmjs.org/@types/prop-types/-/prop-types-15.7.5.tgz",
      "integrity": "sha512-JCB8C6SnDoQf0cNycqd/35A7MjcnK+ZTqE7judS6o7utxUCg6imJg3QK2qzHKszlTjcj2cn+NwMB2i96ubpj7w=="
    },
    "node_modules/@types/qs": {
      "version": "6.9.7",
      "resolved": "https://registry.npmjs.org/@types/qs/-/qs-6.9.7.tgz",
      "integrity": "sha512-FGa1F62FT09qcrueBA6qYTrJPVDzah9a+493+o2PCXsesWHIn27G98TsSMs3WPNbZIEj4+VJf6saSFpvD+3Zsw=="
    },
    "node_modules/@types/range-parser": {
      "version": "1.2.4",
      "resolved": "https://registry.npmjs.org/@types/range-parser/-/range-parser-1.2.4.tgz",
      "integrity": "sha512-EEhsLsD6UsDM1yFhAvy0Cjr6VwmpMWqFBCb9w07wVugF7w9nfajxLuVmngTIpgS6svCnm6Vaw+MZhoDCKnOfsw=="
    },
    "node_modules/@types/react": {
      "version": "18.0.28",
      "resolved": "https://registry.npmjs.org/@types/react/-/react-18.0.28.tgz",
      "integrity": "sha512-RD0ivG1kEztNBdoAK7lekI9M+azSnitIn85h4iOiaLjaTrMjzslhaqCGaI4IyCJ1RljWiLCEu4jyrLLgqxBTew==",
      "dependencies": {
        "@types/prop-types": "*",
        "@types/scheduler": "*",
        "csstype": "^3.0.2"
      }
    },
    "node_modules/@types/react-dom": {
      "version": "18.0.11",
      "resolved": "https://registry.npmjs.org/@types/react-dom/-/react-dom-18.0.11.tgz",
      "integrity": "sha512-O38bPbI2CWtgw/OoQoY+BRelw7uysmXbWvw3nLWO21H1HSh+GOlqPuXshJfjmpNlKiiSDG9cc1JZAaMmVdcTlw==",
      "dependencies": {
        "@types/react": "*"
      }
    },
    "node_modules/@types/scheduler": {
      "version": "0.16.2",
      "resolved": "https://registry.npmjs.org/@types/scheduler/-/scheduler-0.16.2.tgz",
      "integrity": "sha512-hppQEBDmlwhFAXKJX2KnWLYu5yMfi91yazPb2l+lbJiwW+wdo1gNeRA+3RgNSO39WYX2euey41KEwnqesU2Jew=="
    },
    "node_modules/@types/serve-static": {
      "version": "1.15.1",
      "resolved": "https://registry.npmjs.org/@types/serve-static/-/serve-static-1.15.1.tgz",
      "integrity": "sha512-NUo5XNiAdULrJENtJXZZ3fHtfMolzZwczzBbnAeBbqBwG+LaG6YaJtuwzwGSQZ2wsCrxjEhNNjAkKigy3n8teQ==",
      "dependencies": {
        "@types/mime": "*",
        "@types/node": "*"
      }
    },
    "node_modules/asn1js": {
      "version": "3.0.5",
      "resolved": "https://registry.npmjs.org/asn1js/-/asn1js-3.0.5.tgz",
      "integrity": "sha512-FVnvrKJwpt9LP2lAMl8qZswRNm3T4q9CON+bxldk2iwk3FFpuwhx2FfinyitizWHsVYyaY+y5JzDR0rCMV5yTQ==",
      "dependencies": {
        "pvtsutils": "^1.3.2",
        "pvutils": "^1.1.3",
        "tslib": "^2.4.0"
      },
      "engines": {
        "node": ">=12.0.0"
      }
    },
    "node_modules/asynckit": {
      "version": "0.4.0",
      "resolved": "https://registry.npmjs.org/asynckit/-/asynckit-0.4.0.tgz",
      "integrity": "sha512-Oei9OH4tRh0YqU3GxhX79dM/mwVgvbZJaSNaRk+bshkj0S5cfHcgYakreBjrHwatXKbz+IoIdYLxrKim2MjW0Q=="
    },
    "node_modules/camelcase": {
      "version": "5.3.1",
      "resolved": "https://registry.npmjs.org/camelcase/-/camelcase-5.3.1.tgz",
      "integrity": "sha512-L28STB170nwWS63UjtlEOE3dldQApaJXZkOI1uMFfzf3rRuPegHaHesyee+YxQ+W6SvRDQV6UrdOdRiR153wJg==",
      "engines": {
        "node": ">=6"
      }
    },
    "node_modules/camelcase-keys": {
      "version": "6.2.2",
      "resolved": "https://registry.npmjs.org/camelcase-keys/-/camelcase-keys-6.2.2.tgz",
      "integrity": "sha512-YrwaA0vEKazPBkn0ipTiMpSajYDSe+KjQfrjhcBMxJt/znbvlHd8Pw/Vamaz5EB4Wfhs3SUR3Z9mwRu/P3s3Yg==",
      "dependencies": {
        "camelcase": "^5.3.1",
        "map-obj": "^4.0.0",
        "quick-lru": "^4.0.1"
      },
      "engines": {
        "node": ">=8"
      },
      "funding": {
        "url": "https://github.com/sponsors/sindresorhus"
      }
    },
    "node_modules/caniuse-lite": {
      "version": "1.0.30001468",
      "resolved": "https://registry.npmjs.org/caniuse-lite/-/caniuse-lite-1.0.30001468.tgz",
      "integrity": "sha512-zgAo8D5kbOyUcRAgSmgyuvBkjrGk5CGYG5TYgFdpQv+ywcyEpo1LOWoG8YmoflGnh+V+UsNuKYedsoYs0hzV5A==",
      "funding": [
        {
          "type": "opencollective",
          "url": "https://opencollective.com/browserslist"
        },
        {
          "type": "tidelift",
          "url": "https://tidelift.com/funding/github/npm/caniuse-lite"
        }
      ]
    },
    "node_modules/client-only": {
      "version": "0.0.1",
      "resolved": "https://registry.npmjs.org/client-only/-/client-only-0.0.1.tgz",
      "integrity": "sha512-IV3Ou0jSMzZrd3pZ48nLkT9DA7Ag1pnPzaiQhpW7c3RbcqqzvzzVu+L8gfqMp/8IM2MQtSiqaCxrrcfu8I8rMA=="
    },
    "node_modules/combined-stream": {
      "version": "1.0.8",
      "resolved": "https://registry.npmjs.org/combined-stream/-/combined-stream-1.0.8.tgz",
      "integrity": "sha512-FQN4MRfuJeHf7cBbBMJFXhKSDq+2kAArBlmRBvcvFE5BB1HZKXtSFASDhdlz9zOYwxh8lDdnvmMOe/+5cdoEdg==",
      "dependencies": {
        "delayed-stream": "~1.0.0"
      },
      "engines": {
        "node": ">= 0.8"
      }
    },
    "node_modules/cookie": {
      "version": "0.5.0",
      "resolved": "https://registry.npmjs.org/cookie/-/cookie-0.5.0.tgz",
      "integrity": "sha512-YZ3GUyn/o8gfKJlnlX7g7xq4gyO6OSuhGPKaaGssGB2qgDUS0gPgtTvoyZLTt9Ab6dC4hfc9dV5arkvc/OCmrw==",
      "engines": {
        "node": ">= 0.6"
      }
    },
    "node_modules/csstype": {
      "version": "3.1.1",
      "resolved": "https://registry.npmjs.org/csstype/-/csstype-3.1.1.tgz",
      "integrity": "sha512-DJR/VvkAvSZW9bTouZue2sSxDwdTN92uHjqeKVm+0dAqdfNykRzQ95tay8aXMBAAPpUiq4Qcug2L7neoRh2Egw=="
    },
    "node_modules/deepmerge": {
      "version": "4.2.2",
      "resolved": "https://registry.npmjs.org/deepmerge/-/deepmerge-4.2.2.tgz",
      "integrity": "sha512-FJ3UgI4gIl+PHZm53knsuSFpE+nESMr7M4v9QcgB7S63Kj/6WqMiFQJpBBYz1Pt+66bZpP3Q7Lye0Oo9MPKEdg==",
      "engines": {
        "node": ">=0.10.0"
      }
    },
    "node_modules/delayed-stream": {
      "version": "1.0.0",
      "resolved": "https://registry.npmjs.org/delayed-stream/-/delayed-stream-1.0.0.tgz",
      "integrity": "sha512-ZySD7Nf91aLB0RxL4KGrKHBXl7Eds1DAmEdcoVawXnLD7SDhpNgtuII2aAkg7a7QS41jxPSZ17p4VdGnMHk3MQ==",
      "engines": {
        "node": ">=0.4.0"
      }
    },
    "node_modules/dot-case": {
      "version": "3.0.4",
      "resolved": "https://registry.npmjs.org/dot-case/-/dot-case-3.0.4.tgz",
      "integrity": "sha512-Kv5nKlh6yRrdrGvxeJ2e5y2eRUpkUosIW4A2AS38zwSz27zu7ufDwQPi5Jhs3XAlGNetl3bmnGhQsMtkKJnj3w==",
      "dependencies": {
        "no-case": "^3.0.4",
        "tslib": "^2.0.3"
      }
    },
    "node_modules/form-data": {
      "version": "3.0.1",
      "resolved": "https://registry.npmjs.org/form-data/-/form-data-3.0.1.tgz",
      "integrity": "sha512-RHkBKtLWUVwd7SqRIvCZMEvAMoGUp0XU+seQiZejj0COz3RI3hWP4sCv3gZWWLjJTd7rGwcsF5eKZGii0r/hbg==",
      "dependencies": {
        "asynckit": "^0.4.0",
        "combined-stream": "^1.0.8",
        "mime-types": "^2.1.12"
      },
      "engines": {
        "node": ">= 6"
      }
    },
    "node_modules/js-tokens": {
      "version": "4.0.0",
      "resolved": "https://registry.npmjs.org/js-tokens/-/js-tokens-4.0.0.tgz",
      "integrity": "sha512-RdJUflcE3cUzKiMqQgsCu06FPu9UdIJO0beYbPhHN4k6apgJtifcoCtT9bcxOpYBtpD2kCM6Sbzg4CausW/PKQ=="
    },
    "node_modules/loose-envify": {
      "version": "1.4.0",
      "resolved": "https://registry.npmjs.org/loose-envify/-/loose-envify-1.4.0.tgz",
      "integrity": "sha512-lyuxPGr/Wfhrlem2CL/UcnUc1zcqKAImBDzukY7Y5F/yQiNdko6+fRLevlw1HgMySw7f611UIY408EtxRSoK3Q==",
      "dependencies": {
        "js-tokens": "^3.0.0 || ^4.0.0"
      },
      "bin": {
        "loose-envify": "cli.js"
      }
    },
    "node_modules/lower-case": {
      "version": "2.0.2",
      "resolved": "https://registry.npmjs.org/lower-case/-/lower-case-2.0.2.tgz",
      "integrity": "sha512-7fm3l3NAF9WfN6W3JOmf5drwpVqX78JtoGJ3A6W0a6ZnldM41w2fV5D490psKFTpMds8TJse/eHLFFsNHHjHgg==",
      "dependencies": {
        "tslib": "^2.0.3"
      }
    },
    "node_modules/map-obj": {
      "version": "4.3.0",
      "resolved": "https://registry.npmjs.org/map-obj/-/map-obj-4.3.0.tgz",
      "integrity": "sha512-hdN1wVrZbb29eBGiGjJbeP8JbKjq1urkHJ/LIP/NY48MZ1QVXUsQBV1G1zvYFHn1XE06cwjBsOI2K3Ulnj1YXQ==",
      "engines": {
        "node": ">=8"
      },
      "funding": {
        "url": "https://github.com/sponsors/sindresorhus"
      }
    },
    "node_modules/mime-db": {
      "version": "1.52.0",
      "resolved": "https://registry.npmjs.org/mime-db/-/mime-db-1.52.0.tgz",
      "integrity": "sha512-sPU4uV7dYlvtWJxwwxHD0PuihVNiE7TyAbQ5SWxDCB9mUYvOgroQOwYQQOKPJ8CIbE+1ETVlOoK1UC2nU3gYvg==",
      "engines": {
        "node": ">= 0.6"
      }
    },
    "node_modules/mime-types": {
      "version": "2.1.35",
      "resolved": "https://registry.npmjs.org/mime-types/-/mime-types-2.1.35.tgz",
      "integrity": "sha512-ZDY+bPm5zTTF+YpCrAU9nK0UgICYPT0QtT1NZWFv4s++TNkcgVaT0g6+4R2uI4MjQjzysHB1zxuWL50hzaeXiw==",
      "dependencies": {
        "mime-db": "1.52.0"
      },
      "engines": {
        "node": ">= 0.6"
      }
    },
    "node_modules/nanoid": {
      "version": "3.3.4",
      "resolved": "https://registry.npmjs.org/nanoid/-/nanoid-3.3.4.tgz",
      "integrity": "sha512-MqBkQh/OHTS2egovRtLk45wEyNXwF+cokD+1YPf9u5VfJiRdAiRwB2froX5Co9Rh20xs4siNPm8naNotSD6RBw==",
      "bin": {
        "nanoid": "bin/nanoid.cjs"
      },
      "engines": {
        "node": "^10 || ^12 || ^13.7 || ^14 || >=15.0.1"
      }
    },
    "node_modules/next": {
      "version": "13.2.4",
      "resolved": "https://registry.npmjs.org/next/-/next-13.2.4.tgz",
      "integrity": "sha512-g1I30317cThkEpvzfXujf0O4wtaQHtDCLhlivwlTJ885Ld+eOgcz7r3TGQzeU+cSRoNHtD8tsJgzxVdYojFssw==",
      "dependencies": {
        "@next/env": "13.2.4",
        "@swc/helpers": "0.4.14",
        "caniuse-lite": "^1.0.30001406",
        "postcss": "8.4.14",
        "styled-jsx": "5.1.1"
      },
      "bin": {
        "next": "dist/bin/next"
      },
      "engines": {
        "node": ">=14.6.0"
      },
      "optionalDependencies": {
        "@next/swc-android-arm-eabi": "13.2.4",
        "@next/swc-android-arm64": "13.2.4",
        "@next/swc-darwin-arm64": "13.2.4",
        "@next/swc-darwin-x64": "13.2.4",
        "@next/swc-freebsd-x64": "13.2.4",
        "@next/swc-linux-arm-gnueabihf": "13.2.4",
        "@next/swc-linux-arm64-gnu": "13.2.4",
        "@next/swc-linux-arm64-musl": "13.2.4",
        "@next/swc-linux-x64-gnu": "13.2.4",
        "@next/swc-linux-x64-musl": "13.2.4",
        "@next/swc-win32-arm64-msvc": "13.2.4",
        "@next/swc-win32-ia32-msvc": "13.2.4",
        "@next/swc-win32-x64-msvc": "13.2.4"
      },
      "peerDependencies": {
        "@opentelemetry/api": "^1.4.0",
        "fibers": ">= 3.1.0",
        "node-sass": "^6.0.0 || ^7.0.0",
        "react": "^18.2.0",
        "react-dom": "^18.2.0",
        "sass": "^1.3.0"
      },
      "peerDependenciesMeta": {
        "@opentelemetry/api": {
          "optional": true
        },
        "fibers": {
          "optional": true
        },
        "node-sass": {
          "optional": true
        },
        "sass": {
          "optional": true
        }
      }
    },
    "node_modules/no-case": {
      "version": "3.0.4",
      "resolved": "https://registry.npmjs.org/no-case/-/no-case-3.0.4.tgz",
      "integrity": "sha512-fgAN3jGAh+RoxUGZHTSOLJIqUc2wmoBwGR4tbpNAKmmovFoWq0OdRkb0VkldReO2a2iBT/OEulG9XSUc10r3zg==",
      "dependencies": {
        "lower-case": "^2.0.2",
        "tslib": "^2.0.3"
      }
    },
    "node_modules/node-fetch-native": {
      "version": "1.0.1",
      "resolved": "https://registry.npmjs.org/node-fetch-native/-/node-fetch-native-1.0.1.tgz",
      "integrity": "sha512-VzW+TAk2wE4X9maiKMlT+GsPU4OMmR1U9CrHSmd3DFLn2IcZ9VJ6M6BBugGfYUnPCLSYxXdZy17M0BEJyhUTwg=="
    },
    "node_modules/picocolors": {
      "version": "1.0.0",
      "resolved": "https://registry.npmjs.org/picocolors/-/picocolors-1.0.0.tgz",
      "integrity": "sha512-1fygroTLlHu66zi26VoTDv8yRgm0Fccecssto+MhsZ0D/DGW2sm8E8AjW7NU5VVTRt5GxbeZ5qBuJr+HyLYkjQ=="
    },
    "node_modules/postcss": {
      "version": "8.4.14",
      "resolved": "https://registry.npmjs.org/postcss/-/postcss-8.4.14.tgz",
      "integrity": "sha512-E398TUmfAYFPBSdzgeieK2Y1+1cpdxJx8yXbK/m57nRhKSmk1GB2tO4lbLBtlkfPQTDKfe4Xqv1ASWPpayPEig==",
      "funding": [
        {
          "type": "opencollective",
          "url": "https://opencollective.com/postcss/"
        },
        {
          "type": "tidelift",
          "url": "https://tidelift.com/funding/github/npm/postcss"
        }
      ],
      "dependencies": {
        "nanoid": "^3.3.4",
        "picocolors": "^1.0.0",
        "source-map-js": "^1.0.2"
      },
      "engines": {
        "node": "^10 || ^12 || >=14"
      }
    },
    "node_modules/pvtsutils": {
      "version": "1.3.2",
      "resolved": "https://registry.npmjs.org/pvtsutils/-/pvtsutils-1.3.2.tgz",
      "integrity": "sha512-+Ipe2iNUyrZz+8K/2IOo+kKikdtfhRKzNpQbruF2URmqPtoqAs8g3xS7TJvFF2GcPXjh7DkqMnpVveRFq4PgEQ==",
      "dependencies": {
        "tslib": "^2.4.0"
      }
    },
    "node_modules/pvutils": {
      "version": "1.1.3",
      "resolved": "https://registry.npmjs.org/pvutils/-/pvutils-1.1.3.tgz",
      "integrity": "sha512-pMpnA0qRdFp32b1sJl1wOJNxZLQ2cbQx+k6tjNtZ8CpvVhNqEPRgivZ2WOUev2YMajecdH7ctUPDvEe87nariQ==",
      "engines": {
        "node": ">=6.0.0"
      }
    },
    "node_modules/quick-lru": {
      "version": "4.0.1",
      "resolved": "https://registry.npmjs.org/quick-lru/-/quick-lru-4.0.1.tgz",
      "integrity": "sha512-ARhCpm70fzdcvNQfPoy49IaanKkTlRWF2JMzqhcJbhSFRZv7nPTvZJdcY7301IPmvW+/p0RgIWnQDLJxifsQ7g==",
      "engines": {
        "node": ">=8"
      }
    },
    "node_modules/react": {
      "version": "18.2.0",
      "resolved": "https://registry.npmjs.org/react/-/react-18.2.0.tgz",
      "integrity": "sha512-/3IjMdb2L9QbBdWiW5e3P2/npwMBaU9mHCSCUzNln0ZCYbcfTsGbTJrU/kGemdH2IWmB2ioZ+zkxtmq6g09fGQ==",
      "dependencies": {
        "loose-envify": "^1.1.0"
      },
      "engines": {
        "node": ">=0.10.0"
      }
    },
    "node_modules/react-dom": {
      "version": "18.2.0",
      "resolved": "https://registry.npmjs.org/react-dom/-/react-dom-18.2.0.tgz",
      "integrity": "sha512-6IMTriUmvsjHUjNtEDudZfuDQUoWXVxKHhlEGSk81n4YFS+r/Kl99wXiwlVXtPBtJenozv2P+hxDsw9eA7Xo6g==",
      "dependencies": {
        "loose-envify": "^1.1.0",
        "scheduler": "^0.23.0"
      },
      "peerDependencies": {
        "react": "^18.2.0"
      }
    },
    "node_modules/scheduler": {
      "version": "0.23.0",
      "resolved": "https://registry.npmjs.org/scheduler/-/scheduler-0.23.0.tgz",
      "integrity": "sha512-CtuThmgHNg7zIZWAXi3AsyIzA3n4xx7aNyjwC2VJldO2LMVDhFK+63xGqq6CsJH4rTAt6/M+N4GhZiDYPx9eUw==",
      "dependencies": {
        "loose-envify": "^1.1.0"
      }
    },
    "node_modules/snake-case": {
      "version": "3.0.4",
      "resolved": "https://registry.npmjs.org/snake-case/-/snake-case-3.0.4.tgz",
      "integrity": "sha512-LAOh4z89bGQvl9pFfNF8V146i7o7/CqFPbqzYgP+yYzDIDeS9HaNFtXABamRW+AQzEVODcvE79ljJ+8a9YSdMg==",
      "dependencies": {
        "dot-case": "^3.0.4",
        "tslib": "^2.0.3"
      }
    },
    "node_modules/snakecase-keys": {
      "version": "5.4.4",
      "resolved": "https://registry.npmjs.org/snakecase-keys/-/snakecase-keys-5.4.4.tgz",
      "integrity": "sha512-YTywJG93yxwHLgrYLZjlC75moVEX04LZM4FHfihjHe1FCXm+QaLOFfSf535aXOAd0ArVQMWUAe8ZPm4VtWyXaA==",
      "dependencies": {
        "map-obj": "^4.1.0",
        "snake-case": "^3.0.4",
        "type-fest": "^2.5.2"
      },
      "engines": {
        "node": ">=12"
      }
    },
    "node_modules/source-map-js": {
      "version": "1.0.2",
      "resolved": "https://registry.npmjs.org/source-map-js/-/source-map-js-1.0.2.tgz",
      "integrity": "sha512-R0XvVJ9WusLiqTCEiGCmICCMplcCkIwwR11mOSD9CR5u+IXYdiseeEuXCVAjS54zqwkLcPNnmU4OeJ6tUrWhDw==",
      "engines": {
        "node": ">=0.10.0"
      }
    },
    "node_modules/styled-jsx": {
      "version": "5.1.1",
      "resolved": "https://registry.npmjs.org/styled-jsx/-/styled-jsx-5.1.1.tgz",
      "integrity": "sha512-pW7uC1l4mBZ8ugbiZrcIsiIvVx1UmTfw7UkC3Um2tmfUq9Bhk8IiyEIPl6F8agHgjzku6j0xQEZbfA5uSgSaCw==",
      "dependencies": {
        "client-only": "0.0.1"
      },
      "engines": {
        "node": ">= 12.0.0"
      },
      "peerDependencies": {
        "react": ">= 16.8.0 || 17.x.x || ^18.0.0-0"
      },
      "peerDependenciesMeta": {
        "@babel/core": {
          "optional": true
        },
        "babel-plugin-macros": {
          "optional": true
        }
      }
    },
    "node_modules/swr": {
      "version": "2.1.1",
      "resolved": "https://registry.npmjs.org/swr/-/swr-2.1.1.tgz",
      "integrity": "sha512-OgwqZmpjOgxNbaez6qzTVqiRWn+Ti5Uzmktk2c01Afqwc50q6z15DeNC8m9G1aY+w2BwEAsKvk59iq6aHlhgyw==",
      "dependencies": {
        "use-sync-external-store": "^1.2.0"
      },
      "engines": {
        "pnpm": "7"
      },
      "peerDependencies": {
        "react": "^16.11.0 || ^17.0.0 || ^18.0.0"
      }
    },
    "node_modules/to-no-case": {
      "version": "1.0.2",
      "resolved": "https://registry.npmjs.org/to-no-case/-/to-no-case-1.0.2.tgz",
      "integrity": "sha512-Z3g735FxuZY8rodxV4gH7LxClE4H0hTIyHNIHdk+vpQxjLm0cwnKXq/OFVZ76SOQmto7txVcwSCwkU5kqp+FKg=="
    },
    "node_modules/to-snake-case": {
      "version": "1.0.0",
      "resolved": "https://registry.npmjs.org/to-snake-case/-/to-snake-case-1.0.0.tgz",
      "integrity": "sha512-joRpzBAk1Bhi2eGEYBjukEWHOe/IvclOkiJl3DtA91jV6NwQ3MwXA4FHYeqk8BNp/D8bmi9tcNbRu/SozP0jbQ==",
      "dependencies": {
        "to-space-case": "^1.0.0"
      }
    },
    "node_modules/to-space-case": {
      "version": "1.0.0",
      "resolved": "https://registry.npmjs.org/to-space-case/-/to-space-case-1.0.0.tgz",
      "integrity": "sha512-rLdvwXZ39VOn1IxGL3V6ZstoTbwLRckQmn/U8ZDLuWwIXNpuZDhQ3AiRUlhTbOXFVE9C+dR51wM0CBDhk31VcA==",
      "dependencies": {
        "to-no-case": "^1.0.0"
      }
    },
    "node_modules/tslib": {
      "version": "2.5.0",
      "resolved": "https://registry.npmjs.org/tslib/-/tslib-2.5.0.tgz",
      "integrity": "sha512-336iVw3rtn2BUK7ORdIAHTyxHGRIHVReokCR3XjbckJMK7ms8FysBfhLR8IXnAgy7T0PTPNBWKiH514FOW/WSg=="
    },
    "node_modules/type-fest": {
      "version": "2.19.0",
      "resolved": "https://registry.npmjs.org/type-fest/-/type-fest-2.19.0.tgz",
      "integrity": "sha512-RAH822pAdBgcNMAfWnCBU3CFZcfZ/i1eZjwFU/dsLKumyuuP3niueg2UAukXYF0E2AAoc82ZSSf9J0WQBinzHA==",
      "engines": {
        "node": ">=12.20"
      },
      "funding": {
        "url": "https://github.com/sponsors/sindresorhus"
      }
    },
    "node_modules/typescript": {
      "version": "5.0.2",
      "resolved": "https://registry.npmjs.org/typescript/-/typescript-5.0.2.tgz",
      "integrity": "sha512-wVORMBGO/FAs/++blGNeAVdbNKtIh1rbBL2EyQ1+J9lClJ93KiiKe8PmFIVdXhHcyv44SL9oglmfeSsndo0jRw==",
      "bin": {
        "tsc": "bin/tsc",
        "tsserver": "bin/tsserver"
      },
      "engines": {
        "node": ">=12.20"
      }
    },
    "node_modules/use-sync-external-store": {
      "version": "1.2.0",
      "resolved": "https://registry.npmjs.org/use-sync-external-store/-/use-sync-external-store-1.2.0.tgz",
      "integrity": "sha512-eEgnFxGQ1Ife9bzYs6VLi8/4X6CObHMw9Qr9tPY43iKwsPw8xE8+EFsf/2cFZ5S3esXgpWgtSCtLNS41F+sKPA==",
      "peerDependencies": {
        "react": "^16.8.0 || ^17.0.0 || ^18.0.0"
      }
    },
    "node_modules/webcrypto-core": {
      "version": "1.7.7",
      "resolved": "https://registry.npmjs.org/webcrypto-core/-/webcrypto-core-1.7.7.tgz",
      "integrity": "sha512-7FjigXNsBfopEj+5DV2nhNpfic2vumtjjgPmeDKk45z+MJwXKKfhPB7118Pfzrmh4jqOMST6Ch37iPAHoImg5g==",
      "dependencies": {
        "@peculiar/asn1-schema": "^2.3.6",
        "@peculiar/json-schema": "^1.1.12",
        "asn1js": "^3.0.1",
        "pvtsutils": "^1.3.2",
        "tslib": "^2.4.0"
      }
    }
  }
}
